
Microsoft Visual Studio Solution File, Format Version 12.00
# Visual Studio Version 17
VisualStudioVersion = 17.3.32929.385
MinimumVisualStudioVersion = 10.0.40219.1
Project("{FAE04EC0-301F-11D3-BF4B-00C04F79EFBC}") = "CGA1", "CGA1\CGA1.csproj", "{F6F629F3-E0BD-4641-96FE-A9E6A3821BA9}"
EndProject
Global
	GlobalSection(SolutionConfigurationPlatforms) = preSolution
		Debug|Any CPU = Debug|Any CPU
		Release|Any CPU = Release|Any CPU
	EndGlobalSection
	GlobalSection(ProjectConfigurationPlatforms) = postSolution
		{F6F629F3-E0BD-4641-96FE-A9E6A3821BA9}.Debug|Any CPU.ActiveCfg = Debug|Any CPU
		{F6F629F3-E0BD-4641-96FE-A9E6A3821BA9}.Debug|Any CPU.Build.0 = Debug|Any CPU
		{F6F629F3-E0BD-4641-96FE-A9E6A3821BA9}.Release|Any CPU.ActiveCfg = Release|Any CPU
		{F6F629F3-E0BD-4641-96FE-A9E6A3821BA9}.Release|Any CPU.Build.0 = Release|Any CPU
	EndGlobalSection
	GlobalSection(SolutionProperties) = preSolution
		HideSolutionNode = FALSE
	EndGlobalSection
	GlobalSection(ExtensibilityGlobals) = postSolution
		SolutionGuid = {4009E252-B14F-42D2-8DA5-4BBFE9C130F6}
	EndGlobalSection
EndGlobal
